
Microsoft Visual Studio Solution File, Format Version 12.00
# Visual Studio Version 17
VisualStudioVersion = 17.11.35219.272
MinimumVisualStudioVersion = 10.0.40219.1
Project("{888888A0-9F3D-457C-B088-3A5042F75D52}") = "Циклы", "Циклы.pyproj", "{1E2F073F-552A-44B4-A7F1-28EF9F45BE34}"
EndProject
Global
	GlobalSection(SolutionConfigurationPlatforms) = preSolution
		Debug|Any CPU = Debug|Any CPU
		Release|Any CPU = Release|Any CPU
	EndGlobalSection
	GlobalSection(ProjectConfigurationPlatforms) = postSolution
		{1E2F073F-552A-44B4-A7F1-28EF9F45BE34}.Debug|Any CPU.ActiveCfg = Debug|Any CPU
		{1E2F073F-552A-44B4-A7F1-28EF9F45BE34}.Release|Any CPU.ActiveCfg = Release|Any CPU
	EndGlobalSection
	GlobalSection(SolutionProperties) = preSolution
		HideSolutionNode = FALSE
	EndGlobalSection
	GlobalSection(ExtensibilityGlobals) = postSolution
		SolutionGuid = {A68EB17B-E5C8-42A9-BDBE-AFEDB6B34DFC}
	EndGlobalSection
EndGlobal
